
Microsoft Visual Studio Solution File, Format Version 12.00
# Visual Studio Version 17
VisualStudioVersion = 17.7.34018.315
MinimumVisualStudioVersion = 10.0.40219.1
Project("{9A19103F-16F7-4668-BE54-9A1E7A4F7556}") = "TaskManager.Api", "TaskManager.Api\TaskManager.Api.csproj", "{C2DBD0D8-0E91-476A-8789-81AC29D58AC1}"
EndProject
Project("{9A19103F-16F7-4668-BE54-9A1E7A4F7556}") = "TaskManager.Application", "TaskManager.Application\TaskManager.Application.csproj", "{18469220-3134-4793-B3DD-6C2151E1E686}"
EndProject
Project("{9A19103F-16F7-4668-BE54-9A1E7A4F7556}") = "TaskManager.Domain", "TaskManager.Domain\TaskManager.Domain.csproj", "{5F06C1F3-FBBC-423F-B707-4373E971F831}"
EndProject
Project("{9A19103F-16F7-4668-BE54-9A1E7A4F7556}") = "TaskManager.Infrastructure", "TaskManager.Infrastructure\TaskManager.Infrastructure.csproj", "{973FC3FE-29F0-472A-B079-DAA2F13C6727}"
EndProject
Project("{2150E333-8FDC-42A3-9474-1A3956D46DE8}") = "src", "src", "{D3C6E555-B807-4561-800B-4580F6DEF6ED}"
EndProject
Project("{2150E333-8FDC-42A3-9474-1A3956D46DE8}") = "test", "test", "{15324033-3255-45F5-A63C-DEDC3B520B23}"
EndProject
Project("{9A19103F-16F7-4668-BE54-9A1E7A4F7556}") = "Architecture.Tests", "Architecture.Tests\Architecture.Tests.csproj", "{4CFC3C56-B8BC-4C05-9DEA-C47D9157BD3F}"
EndProject
Project("{9A19103F-16F7-4668-BE54-9A1E7A4F7556}") = "TaskManager.IntegrationTests", "TaskManager.IntegrationTests\TaskManager.IntegrationTests.csproj", "{20D34633-EA77-4041-A74E-21E8022562FB}"
EndProject
Project("{9A19103F-16F7-4668-BE54-9A1E7A4F7556}") = "TaskManager.Presentation", "TaskManager.Presentation\TaskManager.Presentation.csproj", "{B4524632-72BA-4F77-A715-BC2F044871D5}"
EndProject
Project("{E53339B2-1760-4266-BCC7-CA923CBCF16C}") = "docker-compose", "docker-compose.dcproj", "{3E960DCB-CB5A-41B2-87D2-2514595E8DDA}"
EndProject
Global
	GlobalSection(SolutionConfigurationPlatforms) = preSolution
		Debug|Any CPU = Debug|Any CPU
		Release|Any CPU = Release|Any CPU
	EndGlobalSection
	GlobalSection(ProjectConfigurationPlatforms) = postSolution
		{C2DBD0D8-0E91-476A-8789-81AC29D58AC1}.Debug|Any CPU.ActiveCfg = Debug|Any CPU
		{C2DBD0D8-0E91-476A-8789-81AC29D58AC1}.Debug|Any CPU.Build.0 = Debug|Any CPU
		{C2DBD0D8-0E91-476A-8789-81AC29D58AC1}.Release|Any CPU.ActiveCfg = Release|Any CPU
		{C2DBD0D8-0E91-476A-8789-81AC29D58AC1}.Release|Any CPU.Build.0 = Release|Any CPU
		{18469220-3134-4793-B3DD-6C2151E1E686}.Debug|Any CPU.ActiveCfg = Debug|Any CPU
		{18469220-3134-4793-B3DD-6C2151E1E686}.Debug|Any CPU.Build.0 = Debug|Any CPU
		{18469220-3134-4793-B3DD-6C2151E1E686}.Release|Any CPU.ActiveCfg = Release|Any CPU
		{18469220-3134-4793-B3DD-6C2151E1E686}.Release|Any CPU.Build.0 = Release|Any CPU
		{5F06C1F3-FBBC-423F-B707-4373E971F831}.Debug|Any CPU.ActiveCfg = Debug|Any CPU
		{5F06C1F3-FBBC-423F-B707-4373E971F831}.Debug|Any CPU.Build.0 = Debug|Any CPU
		{5F06C1F3-FBBC-423F-B707-4373E971F831}.Release|Any CPU.ActiveCfg = Release|Any CPU
		{5F06C1F3-FBBC-423F-B707-4373E971F831}.Release|Any CPU.Build.0 = Release|Any CPU
		{973FC3FE-29F0-472A-B079-DAA2F13C6727}.Debug|Any CPU.ActiveCfg = Debug|Any CPU
		{973FC3FE-29F0-472A-B079-DAA2F13C6727}.Debug|Any CPU.Build.0 = Debug|Any CPU
		{973FC3FE-29F0-472A-B079-DAA2F13C6727}.Release|Any CPU.ActiveCfg = Release|Any CPU
		{973FC3FE-29F0-472A-B079-DAA2F13C6727}.Release|Any CPU.Build.0 = Release|Any CPU
		{4CFC3C56-B8BC-4C05-9DEA-C47D9157BD3F}.Debug|Any CPU.ActiveCfg = Debug|Any CPU
		{4CFC3C56-B8BC-4C05-9DEA-C47D9157BD3F}.Debug|Any CPU.Build.0 = Debug|Any CPU
		{4CFC3C56-B8BC-4C05-9DEA-C47D9157BD3F}.Release|Any CPU.ActiveCfg = Release|Any CPU
		{4CFC3C56-B8BC-4C05-9DEA-C47D9157BD3F}.Release|Any CPU.Build.0 = Release|Any CPU
		{20D34633-EA77-4041-A74E-21E8022562FB}.Debug|Any CPU.ActiveCfg = Debug|Any CPU
		{20D34633-EA77-4041-A74E-21E8022562FB}.Debug|Any CPU.Build.0 = Debug|Any CPU
		{20D34633-EA77-4041-A74E-21E8022562FB}.Release|Any CPU.ActiveCfg = Release|Any CPU
		{20D34633-EA77-4041-A74E-21E8022562FB}.Release|Any CPU.Build.0 = Release|Any CPU
		{B4524632-72BA-4F77-A715-BC2F044871D5}.Debug|Any CPU.ActiveCfg = Debug|Any CPU
		{B4524632-72BA-4F77-A715-BC2F044871D5}.Debug|Any CPU.Build.0 = Debug|Any CPU
		{B4524632-72BA-4F77-A715-BC2F044871D5}.Release|Any CPU.ActiveCfg = Release|Any CPU
		{B4524632-72BA-4F77-A715-BC2F044871D5}.Release|Any CPU.Build.0 = Release|Any CPU
		{3E960DCB-CB5A-41B2-87D2-2514595E8DDA}.Debug|Any CPU.ActiveCfg = Debug|Any CPU
		{3E960DCB-CB5A-41B2-87D2-2514595E8DDA}.Debug|Any CPU.Build.0 = Debug|Any CPU
		{3E960DCB-CB5A-41B2-87D2-2514595E8DDA}.Release|Any CPU.ActiveCfg = Release|Any CPU
		{3E960DCB-CB5A-41B2-87D2-2514595E8DDA}.Release|Any CPU.Build.0 = Release|Any CPU
	EndGlobalSection
	GlobalSection(SolutionProperties) = preSolution
		HideSolutionNode = FALSE
	EndGlobalSection
	GlobalSection(NestedProjects) = preSolution
		{C2DBD0D8-0E91-476A-8789-81AC29D58AC1} = {D3C6E555-B807-4561-800B-4580F6DEF6ED}
		{18469220-3134-4793-B3DD-6C2151E1E686} = {D3C6E555-B807-4561-800B-4580F6DEF6ED}
		{5F06C1F3-FBBC-423F-B707-4373E971F831} = {D3C6E555-B807-4561-800B-4580F6DEF6ED}
		{973FC3FE-29F0-472A-B079-DAA2F13C6727} = {D3C6E555-B807-4561-800B-4580F6DEF6ED}
		{4CFC3C56-B8BC-4C05-9DEA-C47D9157BD3F} = {15324033-3255-45F5-A63C-DEDC3B520B23}
		{20D34633-EA77-4041-A74E-21E8022562FB} = {15324033-3255-45F5-A63C-DEDC3B520B23}
		{B4524632-72BA-4F77-A715-BC2F044871D5} = {D3C6E555-B807-4561-800B-4580F6DEF6ED}
	EndGlobalSection
	GlobalSection(ExtensibilityGlobals) = postSolution
		SolutionGuid = {F47F8687-BC23-438D-9C69-78A4C764CEAF}
	EndGlobalSection
EndGlobal
